
Microsoft Visual Studio Solution File, Format Version 12.00
Project("{FAE04EC0-301F-11D3-BF4B-00C04F79EFBC}") = "Sportsradar", "Sportsradar\Sportsradar.csproj", "{8407BD59-F8B0-48F9-980D-17133B3DB76F}"
EndProject
Global
	GlobalSection(SolutionConfigurationPlatforms) = preSolution
		Debug|Any CPU = Debug|Any CPU
		Release|Any CPU = Release|Any CPU
	EndGlobalSection
	GlobalSection(ProjectConfigurationPlatforms) = postSolution
		{8407BD59-F8B0-48F9-980D-17133B3DB76F}.Debug|Any CPU.ActiveCfg = Debug|Any CPU
		{8407BD59-F8B0-48F9-980D-17133B3DB76F}.Debug|Any CPU.Build.0 = Debug|Any CPU
		{8407BD59-F8B0-48F9-980D-17133B3DB76F}.Release|Any CPU.ActiveCfg = Release|Any CPU
		{8407BD59-F8B0-48F9-980D-17133B3DB76F}.Release|Any CPU.Build.0 = Release|Any CPU
	EndGlobalSection
EndGlobal
